
Microsoft Visual Studio Solution File, Format Version 12.00
# Visual Studio Version 16
VisualStudioVersion = 16.0.30804.86
MinimumVisualStudioVersion = 10.0.40219.1
Project("{8BC9CEB8-8B4A-11D0-8D11-00A0C91BC942}") = "Data Structures", "Data Structures\Data Structures.vcxproj", "{53A4EB13-A96E-48ED-AFB9-690D4C12AE95}"
EndProject
Project("{8BC9CEB8-8B4A-11D0-8D11-00A0C91BC942}") = "Algorithms", "Algorithms\Algorithms.vcxproj", "{07032F92-F079-44D4-BD95-6BE6C2206E17}"
EndProject
Project("{2150E333-8FDC-42A3-9474-1A3956D46DE8}") = "Solution Items", "Solution Items", "{C80F5F3C-5FF5-4322-913E-273462B3086A}"
	ProjectSection(SolutionItems) = preProject
		Algorithms\RecursiveInsertionSort.cpp = Algorithms\RecursiveInsertionSort.cpp
	EndProjectSection
EndProject
Global
	GlobalSection(SolutionConfigurationPlatforms) = preSolution
		Debug|x64 = Debug|x64
		Debug|x86 = Debug|x86
		Release|x64 = Release|x64
		Release|x86 = Release|x86
	EndGlobalSection
	GlobalSection(ProjectConfigurationPlatforms) = postSolution
		{53A4EB13-A96E-48ED-AFB9-690D4C12AE95}.Debug|x64.ActiveCfg = Debug|x64
		{53A4EB13-A96E-48ED-AFB9-690D4C12AE95}.Debug|x64.Build.0 = Debug|x64
		{53A4EB13-A96E-48ED-AFB9-690D4C12AE95}.Debug|x86.ActiveCfg = Debug|Win32
		{53A4EB13-A96E-48ED-AFB9-690D4C12AE95}.Debug|x86.Build.0 = Debug|Win32
		{53A4EB13-A96E-48ED-AFB9-690D4C12AE95}.Release|x64.ActiveCfg = Release|x64
		{53A4EB13-A96E-48ED-AFB9-690D4C12AE95}.Release|x64.Build.0 = Release|x64
		{53A4EB13-A96E-48ED-AFB9-690D4C12AE95}.Release|x86.ActiveCfg = Release|Win32
		{53A4EB13-A96E-48ED-AFB9-690D4C12AE95}.Release|x86.Build.0 = Release|Win32
		{07032F92-F079-44D4-BD95-6BE6C2206E17}.Debug|x64.ActiveCfg = Debug|x64
		{07032F92-F079-44D4-BD95-6BE6C2206E17}.Debug|x64.Build.0 = Debug|x64
		{07032F92-F079-44D4-BD95-6BE6C2206E17}.Debug|x86.ActiveCfg = Debug|Win32
		{07032F92-F079-44D4-BD95-6BE6C2206E17}.Debug|x86.Build.0 = Debug|Win32
		{07032F92-F079-44D4-BD95-6BE6C2206E17}.Release|x64.ActiveCfg = Release|x64
		{07032F92-F079-44D4-BD95-6BE6C2206E17}.Release|x64.Build.0 = Release|x64
		{07032F92-F079-44D4-BD95-6BE6C2206E17}.Release|x86.ActiveCfg = Release|Win32
		{07032F92-F079-44D4-BD95-6BE6C2206E17}.Release|x86.Build.0 = Release|Win32
	EndGlobalSection
	GlobalSection(SolutionProperties) = preSolution
		HideSolutionNode = FALSE
	EndGlobalSection
	GlobalSection(ExtensibilityGlobals) = postSolution
		SolutionGuid = {F6775370-B5FD-4E6C-944F-4A5EA1AAD167}
	EndGlobalSection
EndGlobal
